// !$*UTF8*$!
{
	archiveVersion = 1;
	classes = {
	};
	objectVersion = 50;
	objects = {

/* Begin PBXBuildFile section */
		ED5CC21C23AC98C900748622 /* AppDelegate.swift in Sources */ = {isa = PBXBuildFile; fileRef = ED5CC21B23AC98C900748622 /* AppDelegate.swift */; };
		ED5CC21E23AC98C900748622 /* SceneDelegate.swift in Sources */ = {isa = PBXBuildFile; fileRef = ED5CC21D23AC98C900748622 /* SceneDelegate.swift */; };
		ED5CC22123AC98C900748622 /* Dashboard.xcdatamodeld in Sources */ = {isa = PBXBuildFile; fileRef = ED5CC21F23AC98C900748622 /* Dashboard.xcdatamodeld */; };
		ED5CC22323AC98C900748622 /* ContentView.swift in Sources */ = {isa = PBXBuildFile; fileRef = ED5CC22223AC98C900748622 /* ContentView.swift */; };
		ED5CC22523AC98CA00748622 /* Assets.xcassets in Resources */ = {isa = PBXBuildFile; fileRef = ED5CC22423AC98CA00748622 /* Assets.xcassets */; };
		ED5CC22823AC98CA00748622 /* Preview Assets.xcassets in Resources */ = {isa = PBXBuildFile; fileRef = ED5CC22723AC98CA00748622 /* Preview Assets.xcassets */; };
		ED5CC22B23AC98CA00748622 /* LaunchScreen.storyboard in Resources */ = {isa = PBXBuildFile; fileRef = ED5CC22923AC98CA00748622 /* LaunchScreen.storyboard */; };
/* End PBXBuildFile section */

/* Begin PBXFileReference section */
		ED5CC21823AC98C900748622 /* Dashboard.app */ = {isa = PBXFileReference; explicitFileType = wrapper.application; includeInIndex = 0; path = Dashboard.app; sourceTree = BUILT_PRODUCTS_DIR; };
		ED5CC21B23AC98C900748622 /* AppDelegate.swift */ = {isa = PBXFileReference; lastKnownFileType = sourcecode.swift; path = AppDelegate.swift; sourceTree = "<group>"; };
		ED5CC21D23AC98C900748622 /* SceneDelegate.swift */ = {isa = PBXFileReference; lastKnownFileType = sourcecode.swift; path = SceneDelegate.swift; sourceTree = "<group>"; };
		ED5CC22023AC98C900748622 /* Dashboard.xcdatamodel */ = {isa = PBXFileReference; lastKnownFileType = wrapper.xcdatamodel; path = Dashboard.xcdatamodel; sourceTree = "<group>"; };
		ED5CC22223AC98C900748622 /* ContentView.swift */ = {isa = PBXFileReference; lastKnownFileType = sourcecode.swift; path = ContentView.swift; sourceTree = "<group>"; };
		ED5CC22423AC98CA00748622 /* Assets.xcassets */ = {isa = PBXFileReference; lastKnownFileType = folder.assetcatalog; path = Assets.xcassets; sourceTree = "<group>"; };
		ED5CC22723AC98CA00748622 /* Preview Assets.xcassets */ = {isa = PBXFileReference; lastKnownFileType = folder.assetcatalog; path = "Preview Assets.xcassets"; sourceTree = "<group>"; };
		ED5CC22A23AC98CA00748622 /* Base */ = {isa = PBXFileReference; lastKnownFileType = file.storyboard; name = Base; path = Base.lproj/LaunchScreen.storyboard; sourceTree = "<group>"; };
		ED5CC22C23AC98CA00748622 /* Info.plist */ = {isa = PBXFileReference; lastKnownFileType = text.plist.xml; path = Info.plist; sourceTree = "<group>"; };
/* End PBXFileReference section */

/* Begin PBXFrameworksBuildPhase section */
		ED5CC21523AC98C900748622 /* Frameworks */ = {
			isa = PBXFrameworksBuildPhase;
			buildActionMask = 2147483647;
			files = (
			);
			runOnlyForDeploymentPostprocessing = 0;
		};
/* End PBXFrameworksBuildPhase section */

/* Begin PBXGroup section */
		ED5CC20F23AC98C900748622 = {
			isa = PBXGroup;
			children = (
				ED5CC21A23AC98C900748622 /* Dashboard */,
				ED5CC21923AC98C900748622 /* Products */,
			);
			sourceTree = "<group>";
		};
		ED5CC21923AC98C900748622 /* Products */ = {
			isa = PBXGroup;
			children = (
				ED5CC21823AC98C900748622 /* Dashboard.app */,
			);
			name = Products;
			sourceTree = "<group>";
		};
		ED5CC21A23AC98C900748622 /* Dashboard */ = {
			isa = PBXGroup;
			children = (
				ED5CC21B23AC98C900748622 /* AppDelegate.swift */,
				ED5CC21D23AC98C900748622 /* SceneDelegate.swift */,
				ED5CC22223AC98C900748622 /* ContentView.swift */,
				ED5CC22423AC98CA00748622 /* Assets.xcassets */,
				ED5CC22923AC98CA00748622 /* LaunchScreen.storyboard */,
				ED5CC22C23AC98CA00748622 /* Info.plist */,
				ED5CC21F23AC98C900748622 /* Dashboard.xcdatamodeld */,
				ED5CC22623AC98CA00748622 /* Preview Content */,
			);
			path = Dashboard;
			sourceTree = "<group>";
		};
		ED5CC22623AC98CA00748622 /* Preview Content */ = {
			isa = PBXGroup;
			children = (
				ED5CC22723AC98CA00748622 /* Preview Assets.xcassets */,
			);
			path = "Preview Content";
			sourceTree = "<group>";
		};
/* End PBXGroup section */

/* Begin PBXNativeTarget section */
		ED5CC21723AC98C900748622 /* Dashboard */ = {
			isa = PBXNativeTarget;
			buildConfigurationList = ED5CC22F23AC98CA00748622 /* Build configuration list for PBXNativeTarget "Dashboard" */;
			buildPhases = (
				ED5CC21423AC98C900748622 /* Sources */,
				ED5CC21523AC98C900748622 /* Frameworks */,
				ED5CC21623AC98C900748622 /* Resources */,
			);
			buildRules = (
			);
			dependencies = (
			);
			name = Dashboard;
			productName = Dashboard;
			productReference = ED5CC21823AC98C900748622 /* Dashboard.app */;
			productType = "com.apple.product-type.application";
		};
/* End PBXNativeTarget section */

/* Begin PBXProject section */
		ED5CC21023AC98C900748622 /* Project object */ = {
			isa = PBXProject;
			attributes = {
				LastSwiftUpdateCheck = 1130;
				LastUpgradeCheck = 1130;
				ORGANIZATIONNAME = "Abbin Varghese";
				TargetAttributes = {
					ED5CC21723AC98C900748622 = {
						CreatedOnToolsVersion = 11.3;
					};
				};
			};
			buildConfigurationList = ED5CC21323AC98C900748622 /* Build configuration list for PBXProject "Dashboard" */;
			compatibilityVersion = "Xcode 9.3";
			developmentRegion = en;
			hasScannedForEncodings = 0;
			knownRegions = (
				en,
				Base,
			);
			mainGroup = ED5CC20F23AC98C900748622;
			productRefGroup = ED5CC21923AC98C900748622 /* Products */;
			projectDirPath = "";
			projectRoot = "";
			targets = (
				ED5CC21723AC98C900748622 /* Dashboard */,
			);
		};
/* End PBXProject section */

/* Begin PBXResourcesBuildPhase section */
		ED5CC21623AC98C900748622 /* Resources */ = {
			isa = PBXResourcesBuildPhase;
			buildActionMask = 2147483647;
			files = (
				ED5CC22B23AC98CA00748622 /* LaunchScreen.storyboard in Resources */,
				ED5CC22823AC98CA00748622 /* Preview Assets.xcassets in Resources */,
				ED5CC22523AC98CA00748622 /* Assets.xcassets in Resources */,
			);
			runOnlyForDeploymentPostprocessing = 0;
		};
/* End PBXResourcesBuildPhase section */

/* Begin PBXSourcesBuildPhase section */
		ED5CC21423AC98C900748622 /* Sources */ = {
			isa = PBXSourcesBuildPhase;
			buildActionMask = 2147483647;
			files = (
				ED5CC21C23AC98C900748622 /* AppDelegate.swift in Sources */,
				ED5CC22123AC98C900748622 /* Dashboard.xcdatamodeld in Sources */,
				ED5CC22323AC98C900748622 /* ContentView.swift in Sources */,
				ED5CC21E23AC98C900748622 /* SceneDelegate.swift in Sources */,
			);
			runOnlyForDeploymentPostprocessing = 0;
		};
/* End PBXSourcesBuildPhase section */

/* Begin PBXVariantGroup section */
		ED5CC22923AC98CA00748622 /* LaunchScreen.storyboard */ = {
			isa = PBXVariantGroup;
			children = (
				ED5CC22A23AC98CA00748622 /* Base */,
			);
			name = LaunchScreen.storyboard;
			sourceTree = "<group>";
		};
/* End PBXVariantGroup section */

/* Begin XCBuildConfiguration section */
		ED5CC22D23AC98CA00748622 /* Debug */ = {
			isa = XCBuildConfiguration;
			buildSettings = {
				ALWAYS_SEARCH_USER_PATHS = NO;
				CLANG_ANALYZER_NONNULL = YES;
				CLANG_ANALYZER_NUMBER_OBJECT_CONVERSION = YES_AGGRESSIVE;
				CLANG_CXX_LANGUAGE_STANDARD = "gnu++14";
				CLANG_CXX_LIBRARY = "libc++";
				CLANG_ENABLE_MODULES = YES;
				CLANG_ENABLE_OBJC_ARC = YES;
				CLANG_ENABLE_OBJC_WEAK = YES;
				CLANG_WARN_BLOCK_CAPTURE_AUTORELEASING = YES;
				CLANG_WARN_BOOL_CONVERSION = YES;
				CLANG_WARN_COMMA = YES;
				CLANG_WARN_CONSTANT_CONVERSION = YES;
				CLANG_WARN_DEPRECATED_OBJC_IMPLEMENTATIONS = YES;
				CLANG_WARN_DIRECT_OBJC_ISA_USAGE = YES_ERROR;
				CLANG_WARN_DOCUMENTATION_COMMENTS = YES;
				CLANG_WARN_EMPTY_BODY = YES;
				CLANG_WARN_ENUM_CONVERSION = YES;
				CLANG_WARN_INFINITE_RECURSION = YES;
				CLANG_WARN_INT_CONVERSION = YES;
				CLANG_WARN_NON_LITERAL_NULL_CONVERSION = YES;
				CLANG_WARN_OBJC_IMPLICIT_RETAIN_SELF = YES;
				CLANG_WARN_OBJC_LITERAL_CONVERSION = YES;
				CLANG_WARN_OBJC_ROOT_CLASS = YES_ERROR;
				CLANG_WARN_RANGE_LOOP_ANALYSIS = YES;
				CLANG_WARN_STRICT_PROTOTYPES = YES;
				CLANG_WARN_SUSPICIOUS_MOVE = YES;
				CLANG_WARN_UNGUARDED_AVAILABILITY = YES_AGGRESSIVE;
				CLANG_WARN_UNREACHABLE_CODE = YES;
				CLANG_WARN__DUPLICATE_METHOD_MATCH = YES;
				COPY_PHASE_STRIP = NO;
				DEBUG_INFORMATION_FORMAT = dwarf;
				ENABLE_STRICT_OBJC_MSGSEND = YES;
				ENABLE_TESTABILITY = YES;
				GCC_C_LANGUAGE_STANDARD = gnu11;
				GCC_DYNAMIC_NO_PIC = NO;
				GCC_NO_COMMON_BLOCKS = YES;
				GCC_OPTIMIZATION_LEVEL = 0;
				GCC_PREPROCESSOR_DEFINITIONS = (
					"DEBUG=1",
					"$(inherited)",
				);
				GCC_WARN_64_TO_32_BIT_CONVERSION = YES;
				GCC_WARN_ABOUT_RETURN_TYPE = YES_ERROR;
				GCC_WARN_UNDECLARED_SELECTOR = YES;
				GCC_WARN_UNINITIALIZED_AUTOS = YES_AGGRESSIVE;
				GCC_WARN_UNUSED_FUNCTION = YES;
				GCC_WARN_UNUSED_VARIABLE = YES;
				IPHONEOS_DEPLOYMENT_TARGET = 13.2;
				MTL_ENABLE_DEBUG_INFO = INCLUDE_SOURCE;
				MTL_FAST_MATH = YES;
				ONLY_ACTIVE_ARCH = YES;
				SDKROOT = iphoneos;
				SWIFT_ACTIVE_COMPILATION_CONDITIONS = DEBUG;
				SWIFT_OPTIMIZATION_LEVEL = "-Onone";
			};
			name = Debug;
		};
		ED5CC22E23AC98CA00748622 /* Release */ = {
			isa = XCBuildConfiguration;
			buildSettings = {
				ALWAYS_SEARCH_USER_PATHS = NO;
				CLANG_ANALYZER_NONNULL = YES;
				CLANG_ANALYZER_NUMBER_OBJECT_CONVERSION = YES_AGGRESSIVE;
				CLANG_CXX_LANGUAGE_STANDARD = "gnu++14";
				CLANG_CXX_LIBRARY = "libc++";
				CLANG_ENABLE_MODULES = YES;
				CLANG_ENABLE_OBJC_ARC = YES;
				CLANG_ENABLE_OBJC_WEAK = YES;
				CLANG_WARN_BLOCK_CAPTURE_AUTORELEASING = YES;
				CLANG_WARN_BOOL_CONVERSION = YES;
				CLANG_WARN_COMMA = YES;
				CLANG_WARN_CONSTANT_CONVERSION = YES;
				CLANG_WARN_DEPRECATED_OBJC_IMPLEMENTATIONS = YES;
				CLANG_WARN_DIRECT_OBJC_ISA_USAGE = YES_ERROR;
				CLANG_WARN_DOCUMENTATION_COMMENTS = YES;
				CLANG_WARN_EMPTY_BODY = YES;
				CLANG_WARN_ENUM_CONVERSION = YES;
				CLANG_WARN_INFINITE_RECURSION = YES;
				CLANG_WARN_INT_CONVERSION = YES;
				CLANG_WARN_NON_LITERAL_NULL_CONVERSION = YES;
				CLANG_WARN_OBJC_IMPLICIT_RETAIN_SELF = YES;
				CLANG_WARN_OBJC_LITERAL_CONVERSION = YES;
				CLANG_WARN_OBJC_ROOT_CLASS = YES_ERROR;
				CLANG_WARN_RANGE_LOOP_ANALYSIS = YES;
				CLANG_WARN_STRICT_PROTOTYPES = YES;
				CLANG_WARN_SUSPICIOUS_MOVE = YES;
				CLANG_WARN_UNGUARDED_AVAILABILITY = YES_AGGRESSIVE;
				CLANG_WARN_UNREACHABLE_CODE = YES;
				CLANG_WARN__DUPLICATE_METHOD_MATCH = YES;
				COPY_PHASE_STRIP = NO;
				DEBUG_INFORMATION_FORMAT = "dwarf-with-dsym";
				ENABLE_NS_ASSERTIONS = NO;
				ENABLE_STRICT_OBJC_MSGSEND = YES;
				GCC_C_LANGUAGE_STANDARD = gnu11;
				GCC_NO_COMMON_BLOCKS = YES;
				GCC_WARN_64_TO_32_BIT_CONVERSION = YES;
				GCC_WARN_ABOUT_RETURN_TYPE = YES_ERROR;
				GCC_WARN_UNDECLARED_SELECTOR = YES;
				GCC_WARN_UNINITIALIZED_AUTOS = YES_AGGRESSIVE;
				GCC_WARN_UNUSED_FUNCTION = YES;
				GCC_WARN_UNUSED_VARIABLE = YES;
				IPHONEOS_DEPLOYMENT_TARGET = 13.2;
				MTL_ENABLE_DEBUG_INFO = NO;
				MTL_FAST_MATH = YES;
				SDKROOT = iphoneos;
				SWIFT_COMPILATION_MODE = wholemodule;
				SWIFT_OPTIMIZATION_LEVEL = "-O";
				VALIDATE_PRODUCT = YES;
			};
			name = Release;
		};
		ED5CC23023AC98CA00748622 /* Debug */ = {
			isa = XCBuildConfiguration;
			buildSettings = {
				ASSETCATALOG_COMPILER_APPICON_NAME = AppIcon;
				CODE_SIGN_STYLE = Automatic;
				DEVELOPMENT_ASSET_PATHS = "\"Dashboard/Preview Content\"";
				DEVELOPMENT_TEAM = JMZ49LHPT6;
				ENABLE_PREVIEWS = YES;
				INFOPLIST_FILE = Dashboard/Info.plist;
				LD_RUNPATH_SEARCH_PATHS = (
					"$(inherited)",
					"@executable_path/Frameworks",
				);
				PRODUCT_BUNDLE_IDENTIFIER = com.reportsweatherandnetwork.Dashboard;
				PRODUCT_NAME = "$(TARGET_NAME)";
				SWIFT_VERSION = 5.0;
				TARGETED_DEVICE_FAMILY = 2;
			};
			name = Debug;
		};
		ED5CC23123AC98CA00748622 /* Release */ = {
			isa = XCBuildConfiguration;
			buildSettings = {
				ASSETCATALOG_COMPILER_APPICON_NAME = AppIcon;
				CODE_SIGN_STYLE = Automatic;
				DEVELOPMENT_ASSET_PATHS = "\"Dashboard/Preview Content\"";
				DEVELOPMENT_TEAM = JMZ49LHPT6;
				ENABLE_PREVIEWS = YES;
				INFOPLIST_FILE = Dashboard/Info.plist;
				LD_RUNPATH_SEARCH_PATHS = (
					"$(inherited)",
					"@executable_path/Frameworks",
				);
				PRODUCT_BUNDLE_IDENTIFIER = com.reportsweatherandnetwork.Dashboard;
				PRODUCT_NAME = "$(TARGET_NAME)";
				SWIFT_VERSION = 5.0;
				TARGETED_DEVICE_FAMILY = 2;
			};
			name = Release;
		};
/* End XCBuildConfiguration section */

/* Begin XCConfigurationList section */
		ED5CC21323AC98C900748622 /* Build configuration list for PBXProject "Dashboard" */ = {
			isa = XCConfigurationList;
			buildConfigurations = (
				ED5CC22D23AC98CA00748622 /* Debug */,
				ED5CC22E23AC98CA00748622 /* Release */,
			);
			defaultConfigurationIsVisible = 0;
			defaultConfigurationName = Release;
		};
		ED5CC22F23AC98CA00748622 /* Build configuration list for PBXNativeTarget "Dashboard" */ = {
			isa = XCConfigurationList;
			buildConfigurations = (
				ED5CC23023AC98CA00748622 /* Debug */,
				ED5CC23123AC98CA00748622 /* Release */,
			);
			defaultConfigurationIsVisible = 0;
			defaultConfigurationName = Release;
		};
/* End XCConfigurationList section */

/* Begin XCVersionGroup section */
		ED5CC21F23AC98C900748622 /* Dashboard.xcdatamodeld */ = {
			isa = XCVersionGroup;
			children = (
				ED5CC22023AC98C900748622 /* Dashboard.xcdatamodel */,
			);
			currentVersion = ED5CC22023AC98C900748622 /* Dashboard.xcdatamodel */;
			path = Dashboard.xcdatamodeld;
			sourceTree = "<group>";
			versionGroupType = wrapper.xcdatamodel;
		};
/* End XCVersionGroup section */
	};
	rootObject = ED5CC21023AC98C900748622 /* Project object */;
}
